
Microsoft Visual Studio Solution File, Format Version 12.00
# Visual Studio 14
VisualStudioVersion = 14.0.25123.0
MinimumVisualStudioVersion = 10.0.40219.1
Project("{2150E333-8FDC-42A3-9474-1A3956D46DE8}") = "Engine", "Engine", "{DED0FC6B-FF32-44F6-AE45-ED5CB08227F1}"
EndProject
Project("{2150E333-8FDC-42A3-9474-1A3956D46DE8}") = "Games", "Games", "{0B6F4F57-27C1-4135-BDE6-DC142FEADA9C}"
EndProject
Project("{8BC9CEB8-8B4A-11D0-8D11-00A0C91BC942}") = "UE4", "Intermediate\ProjectFiles\UE4.vcxproj", "{387D5BC0-B996-4B30-9E17-7B74F843E975}"
EndProject
Project("{8BC9CEB8-8B4A-11D0-8D11-00A0C91BC942}") = "Escape", "Intermediate\ProjectFiles\Escape.vcxproj", "{C0236F16-C887-4082-B75E-139E4072AC4D}"
EndProject
Global
	GlobalSection(SolutionConfigurationPlatforms) = preSolution
		DebugGame Editor|HTML5 = DebugGame Editor|HTML5
		DebugGame Editor|Win32 = DebugGame Editor|Win32
		DebugGame Editor|Win64 = DebugGame Editor|Win64
		DebugGame|HTML5 = DebugGame|HTML5
		DebugGame|Win32 = DebugGame|Win32
		DebugGame|Win64 = DebugGame|Win64
		Development Editor|HTML5 = Development Editor|HTML5
		Development Editor|Win32 = Development Editor|Win32
		Development Editor|Win64 = Development Editor|Win64
		Development|HTML5 = Development|HTML5
		Development|Win32 = Development|Win32
		Development|Win64 = Development|Win64
		Shipping|HTML5 = Shipping|HTML5
		Shipping|Win32 = Shipping|Win32
		Shipping|Win64 = Shipping|Win64
	EndGlobalSection
	GlobalSection(ProjectConfigurationPlatforms) = postSolution
		{387D5BC0-B996-4B30-9E17-7B74F843E975}.DebugGame Editor|HTML5.ActiveCfg = BuiltWithUnrealBuildTool|Win32
		{387D5BC0-B996-4B30-9E17-7B74F843E975}.DebugGame Editor|HTML5.Build.0 = BuiltWithUnrealBuildTool|Win32
		{387D5BC0-B996-4B30-9E17-7B74F843E975}.DebugGame Editor|Win32.ActiveCfg = BuiltWithUnrealBuildTool|Win32
		{387D5BC0-B996-4B30-9E17-7B74F843E975}.DebugGame Editor|Win32.Build.0 = BuiltWithUnrealBuildTool|Win32
		{387D5BC0-B996-4B30-9E17-7B74F843E975}.DebugGame Editor|Win64.ActiveCfg = BuiltWithUnrealBuildTool|Win32
		{387D5BC0-B996-4B30-9E17-7B74F843E975}.DebugGame Editor|Win64.Build.0 = BuiltWithUnrealBuildTool|Win32
		{387D5BC0-B996-4B30-9E17-7B74F843E975}.DebugGame|HTML5.ActiveCfg = BuiltWithUnrealBuildTool|Win32
		{387D5BC0-B996-4B30-9E17-7B74F843E975}.DebugGame|HTML5.Build.0 = BuiltWithUnrealBuildTool|Win32
		{387D5BC0-B996-4B30-9E17-7B74F843E975}.DebugGame|Win32.ActiveCfg = BuiltWithUnrealBuildTool|Win32
		{387D5BC0-B996-4B30-9E17-7B74F843E975}.DebugGame|Win32.Build.0 = BuiltWithUnrealBuildTool|Win32
		{387D5BC0-B996-4B30-9E17-7B74F843E975}.DebugGame|Win64.ActiveCfg = BuiltWithUnrealBuildTool|Win32
		{387D5BC0-B996-4B30-9E17-7B74F843E975}.DebugGame|Win64.Build.0 = BuiltWithUnrealBuildTool|Win32
		{387D5BC0-B996-4B30-9E17-7B74F843E975}.Development Editor|HTML5.ActiveCfg = BuiltWithUnrealBuildTool|Win32
		{387D5BC0-B996-4B30-9E17-7B74F843E975}.Development Editor|HTML5.Build.0 = BuiltWithUnrealBuildTool|Win32
		{387D5BC0-B996-4B30-9E17-7B74F843E975}.Development Editor|Win32.ActiveCfg = BuiltWithUnrealBuildTool|Win32
		{387D5BC0-B996-4B30-9E17-7B74F843E975}.Development Editor|Win32.Build.0 = BuiltWithUnrealBuildTool|Win32
		{387D5BC0-B996-4B30-9E17-7B74F843E975}.Development Editor|Win64.ActiveCfg = BuiltWithUnrealBuildTool|Win32
		{387D5BC0-B996-4B30-9E17-7B74F843E975}.Development Editor|Win64.Build.0 = BuiltWithUnrealBuildTool|Win32
		{387D5BC0-B996-4B30-9E17-7B74F843E975}.Development|HTML5.ActiveCfg = BuiltWithUnrealBuildTool|Win32
		{387D5BC0-B996-4B30-9E17-7B74F843E975}.Development|HTML5.Build.0 = BuiltWithUnrealBuildTool|Win32
		{387D5BC0-B996-4B30-9E17-7B74F843E975}.Development|Win32.ActiveCfg = BuiltWithUnrealBuildTool|Win32
		{387D5BC0-B996-4B30-9E17-7B74F843E975}.Development|Win32.Build.0 = BuiltWithUnrealBuildTool|Win32
		{387D5BC0-B996-4B30-9E17-7B74F843E975}.Development|Win64.ActiveCfg = BuiltWithUnrealBuildTool|Win32
		{387D5BC0-B996-4B30-9E17-7B74F843E975}.Development|Win64.Build.0 = BuiltWithUnrealBuildTool|Win32
		{387D5BC0-B996-4B30-9E17-7B74F843E975}.Shipping|HTML5.ActiveCfg = BuiltWithUnrealBuildTool|Win32
		{387D5BC0-B996-4B30-9E17-7B74F843E975}.Shipping|HTML5.Build.0 = BuiltWithUnrealBuildTool|Win32
		{387D5BC0-B996-4B30-9E17-7B74F843E975}.Shipping|Win32.ActiveCfg = BuiltWithUnrealBuildTool|Win32
		{387D5BC0-B996-4B30-9E17-7B74F843E975}.Shipping|Win32.Build.0 = BuiltWithUnrealBuildTool|Win32
		{387D5BC0-B996-4B30-9E17-7B74F843E975}.Shipping|Win64.ActiveCfg = BuiltWithUnrealBuildTool|Win32
		{387D5BC0-B996-4B30-9E17-7B74F843E975}.Shipping|Win64.Build.0 = BuiltWithUnrealBuildTool|Win32
		{C0236F16-C887-4082-B75E-139E4072AC4D}.DebugGame Editor|HTML5.ActiveCfg = HTML5_DebugGame_Editor|Win32
		{C0236F16-C887-4082-B75E-139E4072AC4D}.DebugGame Editor|Win32.ActiveCfg = DebugGame_Editor|Win32
		{C0236F16-C887-4082-B75E-139E4072AC4D}.DebugGame Editor|Win64.ActiveCfg = DebugGame_Editor|x64
		{C0236F16-C887-4082-B75E-139E4072AC4D}.DebugGame Editor|Win64.Build.0 = DebugGame_Editor|x64
		{C0236F16-C887-4082-B75E-139E4072AC4D}.DebugGame|HTML5.ActiveCfg = HTML5_DebugGame_Game|Win32
		{C0236F16-C887-4082-B75E-139E4072AC4D}.DebugGame|HTML5.Build.0 = HTML5_DebugGame_Game|Win32
		{C0236F16-C887-4082-B75E-139E4072AC4D}.DebugGame|Win32.ActiveCfg = DebugGame_Game|Win32
		{C0236F16-C887-4082-B75E-139E4072AC4D}.DebugGame|Win32.Build.0 = DebugGame_Game|Win32
		{C0236F16-C887-4082-B75E-139E4072AC4D}.DebugGame|Win64.ActiveCfg = DebugGame_Game|x64
		{C0236F16-C887-4082-B75E-139E4072AC4D}.DebugGame|Win64.Build.0 = DebugGame_Game|x64
		{C0236F16-C887-4082-B75E-139E4072AC4D}.Development Editor|HTML5.ActiveCfg = HTML5_Development_Editor|Win32
		{C0236F16-C887-4082-B75E-139E4072AC4D}.Development Editor|Win32.ActiveCfg = Development_Editor|Win32
		{C0236F16-C887-4082-B75E-139E4072AC4D}.Development Editor|Win64.ActiveCfg = Development_Editor|x64
		{C0236F16-C887-4082-B75E-139E4072AC4D}.Development Editor|Win64.Build.0 = Development_Editor|x64
		{C0236F16-C887-4082-B75E-139E4072AC4D}.Development|HTML5.ActiveCfg = HTML5_Development_Game|Win32
		{C0236F16-C887-4082-B75E-139E4072AC4D}.Development|HTML5.Build.0 = HTML5_Development_Game|Win32
		{C0236F16-C887-4082-B75E-139E4072AC4D}.Development|Win32.ActiveCfg = Development_Game|Win32
		{C0236F16-C887-4082-B75E-139E4072AC4D}.Development|Win32.Build.0 = Development_Game|Win32
		{C0236F16-C887-4082-B75E-139E4072AC4D}.Development|Win64.ActiveCfg = Development_Game|x64
		{C0236F16-C887-4082-B75E-139E4072AC4D}.Development|Win64.Build.0 = Development_Game|x64
		{C0236F16-C887-4082-B75E-139E4072AC4D}.Shipping|HTML5.ActiveCfg = HTML5_Shipping_Game|Win32
		{C0236F16-C887-4082-B75E-139E4072AC4D}.Shipping|HTML5.Build.0 = HTML5_Shipping_Game|Win32
		{C0236F16-C887-4082-B75E-139E4072AC4D}.Shipping|Win32.ActiveCfg = Shipping_Game|Win32
		{C0236F16-C887-4082-B75E-139E4072AC4D}.Shipping|Win32.Build.0 = Shipping_Game|Win32
		{C0236F16-C887-4082-B75E-139E4072AC4D}.Shipping|Win64.ActiveCfg = Shipping_Game|x64
		{C0236F16-C887-4082-B75E-139E4072AC4D}.Shipping|Win64.Build.0 = Shipping_Game|x64
	EndGlobalSection
	GlobalSection(SolutionProperties) = preSolution
		HideSolutionNode = FALSE
	EndGlobalSection
	GlobalSection(NestedProjects) = preSolution
		{387D5BC0-B996-4B30-9E17-7B74F843E975} = {DED0FC6B-FF32-44F6-AE45-ED5CB08227F1}
		{C0236F16-C887-4082-B75E-139E4072AC4D} = {0B6F4F57-27C1-4135-BDE6-DC142FEADA9C}
	EndGlobalSection
EndGlobal
